
Microsoft Visual Studio Solution File, Format Version 12.00
# Visual Studio Version 17
VisualStudioVersion = 17.5.2.0
MinimumVisualStudioVersion = 10.0.40219.1
Project("{FAE04EC0-301F-11D3-BF4B-00C04F79EFBC}") = "ExcelGenerator", "ExcelGenerator.csproj", "{B4B4CBD6-4477-5DFE-4466-D10D947827B9}"
EndProject
Project("{FAE04EC0-301F-11D3-BF4B-00C04F79EFBC}") = "ExcelGenerator.Tests", "ExcelGenerator.Tests\ExcelGenerator.Tests.csproj", "{59849600-F297-4C7C-ADED-1C9F8A75A46F}"
EndProject
Global
	GlobalSection(SolutionConfigurationPlatforms) = preSolution
		Debug|Any CPU = Debug|Any CPU
		Debug|x64 = Debug|x64
		Debug|x86 = Debug|x86
		Release|Any CPU = Release|Any CPU
		Release|x64 = Release|x64
		Release|x86 = Release|x86
	EndGlobalSection
	GlobalSection(ProjectConfigurationPlatforms) = postSolution
		{B4B4CBD6-4477-5DFE-4466-D10D947827B9}.Debug|Any CPU.ActiveCfg = Debug|Any CPU
		{B4B4CBD6-4477-5DFE-4466-D10D947827B9}.Debug|Any CPU.Build.0 = Debug|Any CPU
		{B4B4CBD6-4477-5DFE-4466-D10D947827B9}.Debug|x64.ActiveCfg = Debug|Any CPU
		{B4B4CBD6-4477-5DFE-4466-D10D947827B9}.Debug|x64.Build.0 = Debug|Any CPU
		{B4B4CBD6-4477-5DFE-4466-D10D947827B9}.Debug|x86.ActiveCfg = Debug|Any CPU
		{B4B4CBD6-4477-5DFE-4466-D10D947827B9}.Debug|x86.Build.0 = Debug|Any CPU
		{B4B4CBD6-4477-5DFE-4466-D10D947827B9}.Release|Any CPU.ActiveCfg = Release|Any CPU
		{B4B4CBD6-4477-5DFE-4466-D10D947827B9}.Release|Any CPU.Build.0 = Release|Any CPU
		{B4B4CBD6-4477-5DFE-4466-D10D947827B9}.Release|x64.ActiveCfg = Release|Any CPU
		{B4B4CBD6-4477-5DFE-4466-D10D947827B9}.Release|x64.Build.0 = Release|Any CPU
		{B4B4CBD6-4477-5DFE-4466-D10D947827B9}.Release|x86.ActiveCfg = Release|Any CPU
		{B4B4CBD6-4477-5DFE-4466-D10D947827B9}.Release|x86.Build.0 = Release|Any CPU
		{59849600-F297-4C7C-ADED-1C9F8A75A46F}.Debug|Any CPU.ActiveCfg = Debug|Any CPU
		{59849600-F297-4C7C-ADED-1C9F8A75A46F}.Debug|Any CPU.Build.0 = Debug|Any CPU
		{59849600-F297-4C7C-ADED-1C9F8A75A46F}.Debug|x64.ActiveCfg = Debug|Any CPU
		{59849600-F297-4C7C-ADED-1C9F8A75A46F}.Debug|x64.Build.0 = Debug|Any CPU
		{59849600-F297-4C7C-ADED-1C9F8A75A46F}.Debug|x86.ActiveCfg = Debug|Any CPU
		{59849600-F297-4C7C-ADED-1C9F8A75A46F}.Debug|x86.Build.0 = Debug|Any CPU
		{59849600-F297-4C7C-ADED-1C9F8A75A46F}.Release|Any CPU.ActiveCfg = Release|Any CPU
		{59849600-F297-4C7C-ADED-1C9F8A75A46F}.Release|Any CPU.Build.0 = Release|Any CPU
		{59849600-F297-4C7C-ADED-1C9F8A75A46F}.Release|x64.ActiveCfg = Release|Any CPU
		{59849600-F297-4C7C-ADED-1C9F8A75A46F}.Release|x64.Build.0 = Release|Any CPU
		{59849600-F297-4C7C-ADED-1C9F8A75A46F}.Release|x86.ActiveCfg = Release|Any CPU
		{59849600-F297-4C7C-ADED-1C9F8A75A46F}.Release|x86.Build.0 = Release|Any CPU
	EndGlobalSection
	GlobalSection(SolutionProperties) = preSolution
		HideSolutionNode = FALSE
	EndGlobalSection
	GlobalSection(ExtensibilityGlobals) = postSolution
		SolutionGuid = {44AAF4F3-D8F5-4C87-9A81-681FAFF51EB8}
	EndGlobalSection
EndGlobal
